
Microsoft Visual Studio Solution File, Format Version 12.00
# Visual Studio Version 17
VisualStudioVersion = 17.3.32922.545
MinimumVisualStudioVersion = 10.0.40219.1
Project("{FAE04EC0-301F-11D3-BF4B-00C04F79EFBC}") = "WpfApp1", "WpfApp1\WpfApp1.csproj", "{B69D1201-7F36-4558-9042-59CC735B4F81}"
EndProject
Global
	GlobalSection(SolutionConfigurationPlatforms) = preSolution
		Debug|Any CPU = Debug|Any CPU
		Release|Any CPU = Release|Any CPU
	EndGlobalSection
	GlobalSection(ProjectConfigurationPlatforms) = postSolution
		{B69D1201-7F36-4558-9042-59CC735B4F81}.Debug|Any CPU.ActiveCfg = Debug|Any CPU
		{B69D1201-7F36-4558-9042-59CC735B4F81}.Debug|Any CPU.Build.0 = Debug|Any CPU
		{B69D1201-7F36-4558-9042-59CC735B4F81}.Release|Any CPU.ActiveCfg = Release|Any CPU
		{B69D1201-7F36-4558-9042-59CC735B4F81}.Release|Any CPU.Build.0 = Release|Any CPU
	EndGlobalSection
	GlobalSection(SolutionProperties) = preSolution
		HideSolutionNode = FALSE
	EndGlobalSection
	GlobalSection(ExtensibilityGlobals) = postSolution
		SolutionGuid = {92B57DD4-1C84-487F-86C6-C772F33B313B}
	EndGlobalSection
EndGlobal
